// !$*UTF8*$!
{
	archiveVersion = 1;
	classes = {
	};
	objectVersion = 50;
	objects = {

/* Begin PBXBuildFile section */
		7F6967912594DB4300491DDE /* PG-17676.swift in Sources */ = {isa = PBXBuildFile; fileRef = 7F6967902594DB4300491DDE /* PG-17676.swift */; };
		7FA927EE25890F6900A356AD /* main.swift in Sources */ = {isa = PBXBuildFile; fileRef = 7FC1B66225527D46009140A1 /* main.swift */; };
/* End PBXBuildFile section */

/* Begin PBXCopyFilesBuildPhase section */
		7FC1B65D25527D46009140A1 /* CopyFiles */ = {
			isa = PBXCopyFilesBuildPhase;
			buildActionMask = 2147483647;
			dstPath = /usr/share/man/man1/;
			dstSubfolderSpec = 0;
			files = (
			);
			runOnlyForDeploymentPostprocessing = 1;
		};
/* End PBXCopyFilesBuildPhase section */

/* Begin PBXFileReference section */
		7F2CC6C8259071D90018432A /* PG-42860.swift */ = {isa = PBXFileReference; lastKnownFileType = sourcecode.swift; path = "PG-42860.swift"; sourceTree = "<group>"; };
		7F2DDC782591E92000489C6B /* PG-12916.swift */ = {isa = PBXFileReference; lastKnownFileType = sourcecode.swift; path = "PG-12916.swift"; sourceTree = "<group>"; };
		7F2DDC7C259269C200489C6B /* PG-42747.swift */ = {isa = PBXFileReference; lastKnownFileType = sourcecode.swift; path = "PG-42747.swift"; sourceTree = "<group>"; };
		7F2DDC8025927C5A00489C6B /* PG-17682.swift */ = {isa = PBXFileReference; lastKnownFileType = sourcecode.swift; path = "PG-17682.swift"; sourceTree = "<group>"; };
		7F2DDC842593409900489C6B /* PG-70128.swift */ = {isa = PBXFileReference; lastKnownFileType = sourcecode.swift; path = "PG-70128.swift"; sourceTree = "<group>"; };
		7F2DDC88259342DF00489C6B /* PG-12982.swift */ = {isa = PBXFileReference; lastKnownFileType = sourcecode.swift; path = "PG-12982.swift"; sourceTree = "<group>"; };
		7F32221E256E1D080007D482 /* BOJ10974.swift */ = {isa = PBXFileReference; lastKnownFileType = sourcecode.swift; path = BOJ10974.swift; sourceTree = "<group>"; };
		7F32222F256ECA920007D482 /* PG70129.swift */ = {isa = PBXFileReference; lastKnownFileType = sourcecode.swift; path = PG70129.swift; sourceTree = "<group>"; };
		7F322234257137EC0007D482 /* BOJ14501.swift */ = {isa = PBXFileReference; lastKnownFileType = sourcecode.swift; path = BOJ14501.swift; sourceTree = "<group>"; };
		7F32224F257270060007D482 /* BOJ1629.swift */ = {isa = PBXFileReference; lastKnownFileType = sourcecode.swift; path = BOJ1629.swift; sourceTree = "<group>"; };
		7F450B64258A2041000EDA1A /* PG-42748.swift */ = {isa = PBXFileReference; lastKnownFileType = sourcecode.swift; path = "PG-42748.swift"; sourceTree = "<group>"; };
		7F5C516A256251B90021A1D8 /* BOJ10973.swift */ = {isa = PBXFileReference; lastKnownFileType = sourcecode.swift; path = BOJ10973.swift; sourceTree = "<group>"; };
		7F5FA63D2573D5830052064A /* BOJ2502.swift */ = {isa = PBXFileReference; lastKnownFileType = sourcecode.swift; path = BOJ2502.swift; sourceTree = "<group>"; };
		7F6967902594DB4300491DDE /* PG-17676.swift */ = {isa = PBXFileReference; lastKnownFileType = sourcecode.swift; path = "PG-17676.swift"; sourceTree = "<group>"; };
		7F976E36258D08160077D2FC /* PG-12912.swift */ = {isa = PBXFileReference; lastKnownFileType = sourcecode.swift; path = "PG-12912.swift"; sourceTree = "<group>"; };
		7F976E3A258DDD770077D2FC /* 놀이공원.swift */ = {isa = PBXFileReference; lastKnownFileType = sourcecode.swift; path = "놀이공원.swift"; sourceTree = "<group>"; };
		7F976E3E258DE0350077D2FC /* 소수판별.swift */ = {isa = PBXFileReference; lastKnownFileType = sourcecode.swift; path = "소수판별.swift"; sourceTree = "<group>"; };
		7FA927E825890F0400A356AD /* PG-68644.swift */ = {isa = PBXFileReference; lastKnownFileType = sourcecode.swift; path = "PG-68644.swift"; sourceTree = "<group>"; };
		7FAF4E4E2589DB3F006A0E5B /* PG-42840.swift */ = {isa = PBXFileReference; lastKnownFileType = sourcecode.swift; path = "PG-42840.swift"; sourceTree = "<group>"; };
		7FBDBFC3258A634B00AE6D7B /* PG-12901.swift */ = {isa = PBXFileReference; lastKnownFileType = sourcecode.swift; path = "PG-12901.swift"; sourceTree = "<group>"; };
		7FBDBFC8258A675C00AE6D7B /* Two-Sum.swift */ = {isa = PBXFileReference; lastKnownFileType = sourcecode.swift; path = "Two-Sum.swift"; sourceTree = "<group>"; };
		7FBDBFCF258B24BA00AE6D7B /* PG-12903.swift */ = {isa = PBXFileReference; lastKnownFileType = sourcecode.swift; path = "PG-12903.swift"; sourceTree = "<group>"; };
		7FBDBFF3258CC57A00AE6D7B /* 약수구하기.swift */ = {isa = PBXFileReference; lastKnownFileType = sourcecode.swift; path = "약수구하기.swift"; sourceTree = "<group>"; };
		7FBFAB78255902FF0079FAC5 /* BOJ10972.swift */ = {isa = PBXFileReference; lastKnownFileType = sourcecode.swift; path = BOJ10972.swift; sourceTree = "<group>"; };
		7FC1B65F25527D46009140A1 /* SwiftAlgorithm */ = {isa = PBXFileReference; explicitFileType = "compiled.mach-o.executable"; includeInIndex = 0; path = SwiftAlgorithm; sourceTree = BUILT_PRODUCTS_DIR; };
		7FC1B66225527D46009140A1 /* main.swift */ = {isa = PBXFileReference; lastKnownFileType = sourcecode.swift; path = main.swift; sourceTree = "<group>"; };
		7FC1B66A25527D6C009140A1 /* BOJ11723.swift */ = {isa = PBXFileReference; lastKnownFileType = sourcecode.swift; path = BOJ11723.swift; sourceTree = "<group>"; };
		7FC1B66E255286E3009140A1 /* BOJ17413.swift */ = {isa = PBXFileReference; lastKnownFileType = sourcecode.swift; path = BOJ17413.swift; sourceTree = "<group>"; };
		7FC1B6722553C5AF009140A1 /* BOJ1260.swift */ = {isa = PBXFileReference; lastKnownFileType = sourcecode.swift; path = BOJ1260.swift; sourceTree = "<group>"; };
		7FC1B6F02556EA74009140A1 /* BOJ2178.swift */ = {isa = PBXFileReference; lastKnownFileType = sourcecode.swift; path = BOJ2178.swift; sourceTree = "<group>"; };
		7FC1B6F42557B244009140A1 /* BOJ1149.swift */ = {isa = PBXFileReference; lastKnownFileType = sourcecode.swift; path = BOJ1149.swift; sourceTree = "<group>"; };
		7FE2C8C22591E74D00F2A4D7 /* PG-12910.swift */ = {isa = PBXFileReference; lastKnownFileType = sourcecode.swift; path = "PG-12910.swift"; sourceTree = "<group>"; };
		7FF1442A258F8D280069095F /* PG-43162.swift */ = {isa = PBXFileReference; lastKnownFileType = sourcecode.swift; path = "PG-43162.swift"; sourceTree = "<group>"; };
		7FF1442E258FBA9D0069095F /* PG-62048.swift */ = {isa = PBXFileReference; lastKnownFileType = sourcecode.swift; path = "PG-62048.swift"; sourceTree = "<group>"; };
		7FFD9E2D2563AA5800A8D10E /* PG12905.swift */ = {isa = PBXFileReference; lastKnownFileType = sourcecode.swift; path = PG12905.swift; sourceTree = "<group>"; };
		7FFD9E5C2565769200A8D10E /* BOJ2839.swift */ = {isa = PBXFileReference; lastKnownFileType = sourcecode.swift; path = BOJ2839.swift; sourceTree = "<group>"; };
		7FFEC44C255A6B1B000C77C0 /* BOJ1874.swift */ = {isa = PBXFileReference; lastKnownFileType = sourcecode.swift; path = BOJ1874.swift; sourceTree = "<group>"; };
		7FFEC451255BC0FD000C77C0 /* BOJ1966.swift */ = {isa = PBXFileReference; lastKnownFileType = sourcecode.swift; path = BOJ1966.swift; sourceTree = "<group>"; };
/* End PBXFileReference section */

/* Begin PBXFrameworksBuildPhase section */
		7FC1B65C25527D46009140A1 /* Frameworks */ = {
			isa = PBXFrameworksBuildPhase;
			buildActionMask = 2147483647;
			files = (
			);
			runOnlyForDeploymentPostprocessing = 0;
		};
/* End PBXFrameworksBuildPhase section */

/* Begin PBXGroup section */
		7FA927E625890ECB00A356AD /* Programmers */ = {
			isa = PBXGroup;
			children = (
				7FA927E825890F0400A356AD /* PG-68644.swift */,
				7FAF4E4E2589DB3F006A0E5B /* PG-42840.swift */,
				7F450B64258A2041000EDA1A /* PG-42748.swift */,
				7FBDBFC3258A634B00AE6D7B /* PG-12901.swift */,
				7FBDBFCF258B24BA00AE6D7B /* PG-12903.swift */,
				7F976E36258D08160077D2FC /* PG-12912.swift */,
				7FF1442A258F8D280069095F /* PG-43162.swift */,
				7FF1442E258FBA9D0069095F /* PG-62048.swift */,
				7F2CC6C8259071D90018432A /* PG-42860.swift */,
				7FE2C8C22591E74D00F2A4D7 /* PG-12910.swift */,
				7F2DDC782591E92000489C6B /* PG-12916.swift */,
				7F2DDC7C259269C200489C6B /* PG-42747.swift */,
				7F2DDC8025927C5A00489C6B /* PG-17682.swift */,
				7F2DDC842593409900489C6B /* PG-70128.swift */,
				7F6967902594DB4300491DDE /* PG-17676.swift */,
				7F2DDC88259342DF00489C6B /* PG-12982.swift */,
			);
			path = Programmers;
			sourceTree = "<group>";
		};
		7FA927E725890EE000A356AD /* BOJ */ = {
			isa = PBXGroup;
			children = (
			);
			path = BOJ;
			sourceTree = "<group>";
		};
		7FBDBFC7258A666B00AE6D7B /* Leet */ = {
			isa = PBXGroup;
			children = (
				7FBDBFC8258A675C00AE6D7B /* Two-Sum.swift */,
			);
			path = Leet;
			sourceTree = "<group>";
		};
		7FBDBFF1258CC3F700AE6D7B /* Goorm */ = {
			isa = PBXGroup;
			children = (
				7FBDBFF3258CC57A00AE6D7B /* 약수구하기.swift */,
				7F976E3E258DE0350077D2FC /* 소수판별.swift */,
				7F976E3A258DDD770077D2FC /* 놀이공원.swift */,
			);
			path = Goorm;
			sourceTree = "<group>";
		};
		7FC1B65625527D46009140A1 = {
			isa = PBXGroup;
			children = (
				7FC1B66125527D46009140A1 /* SwiftAlgorithm */,
				7FC1B66025527D46009140A1 /* Products */,
			);
			sourceTree = "<group>";
		};
		7FC1B66025527D46009140A1 /* Products */ = {
			isa = PBXGroup;
			children = (
				7FC1B65F25527D46009140A1 /* SwiftAlgorithm */,
			);
			name = Products;
			sourceTree = "<group>";
		};
		7FC1B66125527D46009140A1 /* SwiftAlgorithm */ = {
			isa = PBXGroup;
			children = (
				7FBDBFF1258CC3F700AE6D7B /* Goorm */,
				7FBDBFC7258A666B00AE6D7B /* Leet */,
				7FA927E725890EE000A356AD /* BOJ */,
				7FA927E625890ECB00A356AD /* Programmers */,
				7FC1B66225527D46009140A1 /* main.swift */,
				7F5FA63D2573D5830052064A /* BOJ2502.swift */,
				7F322234257137EC0007D482 /* BOJ14501.swift */,
				7F32224F257270060007D482 /* BOJ1629.swift */,
				7F32221E256E1D080007D482 /* BOJ10974.swift */,
				7FFD9E5C2565769200A8D10E /* BOJ2839.swift */,
				7F5C516A256251B90021A1D8 /* BOJ10973.swift */,
				7FFEC451255BC0FD000C77C0 /* BOJ1966.swift */,
				7FBFAB78255902FF0079FAC5 /* BOJ10972.swift */,
				7FFEC44C255A6B1B000C77C0 /* BOJ1874.swift */,
				7FC1B6F42557B244009140A1 /* BOJ1149.swift */,
				7F32222F256ECA920007D482 /* PG70129.swift */,
				7FC1B6F02556EA74009140A1 /* BOJ2178.swift */,
				7FFD9E2D2563AA5800A8D10E /* PG12905.swift */,
				7FC1B6722553C5AF009140A1 /* BOJ1260.swift */,
				7FC1B66E255286E3009140A1 /* BOJ17413.swift */,
				7FC1B66A25527D6C009140A1 /* BOJ11723.swift */,
			);
			path = SwiftAlgorithm;
			sourceTree = "<group>";
		};
/* End PBXGroup section */

/* Begin PBXNativeTarget section */
		7FC1B65E25527D46009140A1 /* SwiftAlgorithm */ = {
			isa = PBXNativeTarget;
			buildConfigurationList = 7FC1B66625527D46009140A1 /* Build configuration list for PBXNativeTarget "SwiftAlgorithm" */;
			buildPhases = (
				7FC1B65B25527D46009140A1 /* Sources */,
				7FC1B65C25527D46009140A1 /* Frameworks */,
				7FC1B65D25527D46009140A1 /* CopyFiles */,
			);
			buildRules = (
			);
			dependencies = (
			);
			name = SwiftAlgorithm;
			productName = SwiftAlgorithm;
			productReference = 7FC1B65F25527D46009140A1 /* SwiftAlgorithm */;
			productType = "com.apple.product-type.tool";
		};
/* End PBXNativeTarget section */

/* Begin PBXProject section */
		7FC1B65725527D46009140A1 /* Project object */ = {
			isa = PBXProject;
			attributes = {
				LastSwiftUpdateCheck = 1210;
				LastUpgradeCheck = 1210;
				TargetAttributes = {
					7FC1B65E25527D46009140A1 = {
						CreatedOnToolsVersion = 12.1;
					};
				};
			};
			buildConfigurationList = 7FC1B65A25527D46009140A1 /* Build configuration list for PBXProject "SwiftAlgorithm" */;
			compatibilityVersion = "Xcode 9.3";
			developmentRegion = en;
			hasScannedForEncodings = 0;
			knownRegions = (
				en,
				Base,
			);
			mainGroup = 7FC1B65625527D46009140A1;
			productRefGroup = 7FC1B66025527D46009140A1 /* Products */;
			projectDirPath = "";
			projectRoot = "";
			targets = (
				7FC1B65E25527D46009140A1 /* SwiftAlgorithm */,
			);
		};
/* End PBXProject section */

/* Begin PBXSourcesBuildPhase section */
		7FC1B65B25527D46009140A1 /* Sources */ = {
			isa = PBXSourcesBuildPhase;
			buildActionMask = 2147483647;
			files = (
				7F6967912594DB4300491DDE /* PG-17676.swift in Sources */,
				7FA927EE25890F6900A356AD /* main.swift in Sources */,
			);
			runOnlyForDeploymentPostprocessing = 0;
		};
/* End PBXSourcesBuildPhase section */

/* Begin XCBuildConfiguration section */
		7FC1B66425527D46009140A1 /* Debug */ = {
			isa = XCBuildConfiguration;
			buildSettings = {
				ALWAYS_SEARCH_USER_PATHS = NO;
				CLANG_ANALYZER_NONNULL = YES;
				CLANG_ANALYZER_NUMBER_OBJECT_CONVERSION = YES_AGGRESSIVE;
				CLANG_CXX_LANGUAGE_STANDARD = "gnu++14";
				CLANG_CXX_LIBRARY = "libc++";
				CLANG_ENABLE_MODULES = YES;
				CLANG_ENABLE_OBJC_ARC = YES;
				CLANG_ENABLE_OBJC_WEAK = YES;
				CLANG_WARN_BLOCK_CAPTURE_AUTORELEASING = YES;
				CLANG_WARN_BOOL_CONVERSION = YES;
				CLANG_WARN_COMMA = YES;
				CLANG_WARN_CONSTANT_CONVERSION = YES;
				CLANG_WARN_DEPRECATED_OBJC_IMPLEMENTATIONS = YES;
				CLANG_WARN_DIRECT_OBJC_ISA_USAGE = YES_ERROR;
				CLANG_WARN_DOCUMENTATION_COMMENTS = YES;
				CLANG_WARN_EMPTY_BODY = YES;
				CLANG_WARN_ENUM_CONVERSION = YES;
				CLANG_WARN_INFINITE_RECURSION = YES;
				CLANG_WARN_INT_CONVERSION = YES;
				CLANG_WARN_NON_LITERAL_NULL_CONVERSION = YES;
				CLANG_WARN_OBJC_IMPLICIT_RETAIN_SELF = YES;
				CLANG_WARN_OBJC_LITERAL_CONVERSION = YES;
				CLANG_WARN_OBJC_ROOT_CLASS = YES_ERROR;
				CLANG_WARN_QUOTED_INCLUDE_IN_FRAMEWORK_HEADER = YES;
				CLANG_WARN_RANGE_LOOP_ANALYSIS = YES;
				CLANG_WARN_STRICT_PROTOTYPES = YES;
				CLANG_WARN_SUSPICIOUS_MOVE = YES;
				CLANG_WARN_UNGUARDED_AVAILABILITY = YES_AGGRESSIVE;
				CLANG_WARN_UNREACHABLE_CODE = YES;
				CLANG_WARN__DUPLICATE_METHOD_MATCH = YES;
				COPY_PHASE_STRIP = NO;
				DEBUG_INFORMATION_FORMAT = dwarf;
				ENABLE_STRICT_OBJC_MSGSEND = YES;
				ENABLE_TESTABILITY = YES;
				GCC_C_LANGUAGE_STANDARD = gnu11;
				GCC_DYNAMIC_NO_PIC = NO;
				GCC_NO_COMMON_BLOCKS = YES;
				GCC_OPTIMIZATION_LEVEL = 0;
				GCC_PREPROCESSOR_DEFINITIONS = (
					"DEBUG=1",
					"$(inherited)",
				);
				GCC_WARN_64_TO_32_BIT_CONVERSION = YES;
				GCC_WARN_ABOUT_RETURN_TYPE = YES_ERROR;
				GCC_WARN_UNDECLARED_SELECTOR = YES;
				GCC_WARN_UNINITIALIZED_AUTOS = YES_AGGRESSIVE;
				GCC_WARN_UNUSED_FUNCTION = YES;
				GCC_WARN_UNUSED_VARIABLE = YES;
				MACOSX_DEPLOYMENT_TARGET = 10.15;
				MTL_ENABLE_DEBUG_INFO = INCLUDE_SOURCE;
				MTL_FAST_MATH = YES;
				ONLY_ACTIVE_ARCH = YES;
				SDKROOT = macosx;
				SWIFT_ACTIVE_COMPILATION_CONDITIONS = DEBUG;
				SWIFT_OPTIMIZATION_LEVEL = "-Onone";
			};
			name = Debug;
		};
		7FC1B66525527D46009140A1 /* Release */ = {
			isa = XCBuildConfiguration;
			buildSettings = {
				ALWAYS_SEARCH_USER_PATHS = NO;
				CLANG_ANALYZER_NONNULL = YES;
				CLANG_ANALYZER_NUMBER_OBJECT_CONVERSION = YES_AGGRESSIVE;
				CLANG_CXX_LANGUAGE_STANDARD = "gnu++14";
				CLANG_CXX_LIBRARY = "libc++";
				CLANG_ENABLE_MODULES = YES;
				CLANG_ENABLE_OBJC_ARC = YES;
				CLANG_ENABLE_OBJC_WEAK = YES;
				CLANG_WARN_BLOCK_CAPTURE_AUTORELEASING = YES;
				CLANG_WARN_BOOL_CONVERSION = YES;
				CLANG_WARN_COMMA = YES;
				CLANG_WARN_CONSTANT_CONVERSION = YES;
				CLANG_WARN_DEPRECATED_OBJC_IMPLEMENTATIONS = YES;
				CLANG_WARN_DIRECT_OBJC_ISA_USAGE = YES_ERROR;
				CLANG_WARN_DOCUMENTATION_COMMENTS = YES;
				CLANG_WARN_EMPTY_BODY = YES;
				CLANG_WARN_ENUM_CONVERSION = YES;
				CLANG_WARN_INFINITE_RECURSION = YES;
				CLANG_WARN_INT_CONVERSION = YES;
				CLANG_WARN_NON_LITERAL_NULL_CONVERSION = YES;
				CLANG_WARN_OBJC_IMPLICIT_RETAIN_SELF = YES;
				CLANG_WARN_OBJC_LITERAL_CONVERSION = YES;
				CLANG_WARN_OBJC_ROOT_CLASS = YES_ERROR;
				CLANG_WARN_QUOTED_INCLUDE_IN_FRAMEWORK_HEADER = YES;
				CLANG_WARN_RANGE_LOOP_ANALYSIS = YES;
				CLANG_WARN_STRICT_PROTOTYPES = YES;
				CLANG_WARN_SUSPICIOUS_MOVE = YES;
				CLANG_WARN_UNGUARDED_AVAILABILITY = YES_AGGRESSIVE;
				CLANG_WARN_UNREACHABLE_CODE = YES;
				CLANG_WARN__DUPLICATE_METHOD_MATCH = YES;
				COPY_PHASE_STRIP = NO;
				DEBUG_INFORMATION_FORMAT = "dwarf-with-dsym";
				ENABLE_NS_ASSERTIONS = NO;
				ENABLE_STRICT_OBJC_MSGSEND = YES;
				GCC_C_LANGUAGE_STANDARD = gnu11;
				GCC_NO_COMMON_BLOCKS = YES;
				GCC_WARN_64_TO_32_BIT_CONVERSION = YES;
				GCC_WARN_ABOUT_RETURN_TYPE = YES_ERROR;
				GCC_WARN_UNDECLARED_SELECTOR = YES;
				GCC_WARN_UNINITIALIZED_AUTOS = YES_AGGRESSIVE;
				GCC_WARN_UNUSED_FUNCTION = YES;
				GCC_WARN_UNUSED_VARIABLE = YES;
				MACOSX_DEPLOYMENT_TARGET = 10.15;
				MTL_ENABLE_DEBUG_INFO = NO;
				MTL_FAST_MATH = YES;
				SDKROOT = macosx;
				SWIFT_COMPILATION_MODE = wholemodule;
				SWIFT_OPTIMIZATION_LEVEL = "-O";
			};
			name = Release;
		};
		7FC1B66725527D46009140A1 /* Debug */ = {
			isa = XCBuildConfiguration;
			buildSettings = {
				CODE_SIGN_STYLE = Automatic;
				DEVELOPMENT_TEAM = HAWSBW2KW5;
				ENABLE_HARDENED_RUNTIME = YES;
				PRODUCT_NAME = "$(TARGET_NAME)";
				SWIFT_VERSION = 5.0;
			};
			name = Debug;
		};
		7FC1B66825527D46009140A1 /* Release */ = {
			isa = XCBuildConfiguration;
			buildSettings = {
				CODE_SIGN_STYLE = Automatic;
				DEVELOPMENT_TEAM = HAWSBW2KW5;
				ENABLE_HARDENED_RUNTIME = YES;
				PRODUCT_NAME = "$(TARGET_NAME)";
				SWIFT_VERSION = 5.0;
			};
			name = Release;
		};
/* End XCBuildConfiguration section */

/* Begin XCConfigurationList section */
		7FC1B65A25527D46009140A1 /* Build configuration list for PBXProject "SwiftAlgorithm" */ = {
			isa = XCConfigurationList;
			buildConfigurations = (
				7FC1B66425527D46009140A1 /* Debug */,
				7FC1B66525527D46009140A1 /* Release */,
			);
			defaultConfigurationIsVisible = 0;
			defaultConfigurationName = Release;
		};
		7FC1B66625527D46009140A1 /* Build configuration list for PBXNativeTarget "SwiftAlgorithm" */ = {
			isa = XCConfigurationList;
			buildConfigurations = (
				7FC1B66725527D46009140A1 /* Debug */,
				7FC1B66825527D46009140A1 /* Release */,
			);
			defaultConfigurationIsVisible = 0;
			defaultConfigurationName = Release;
		};
/* End XCConfigurationList section */
	};
	rootObject = 7FC1B65725527D46009140A1 /* Project object */;
}
